
Microsoft Visual Studio Solution File, Format Version 12.00
# Visual Studio Version 17
VisualStudioVersion = 17.0.31903.59
MinimumVisualStudioVersion = 10.0.40219.1
Project("{2150E333-8FDC-42A3-9474-1A3956D46DE8}") = "src", "src", "{8D0AA767-F44E-44EF-987B-376B83CBCA48}"
EndProject
Project("{FAE04EC0-301F-11D3-BF4B-00C04F79EFBC}") = "MacheteBang.CinemaBookingSystem.Api", "src\Api\MacheteBang.CinemaBookingSystem.Api.csproj", "{15E5FE99-071B-4A3F-8E99-B1F4C29E5620}"
EndProject
Global
	GlobalSection(SolutionConfigurationPlatforms) = preSolution
		Debug|Any CPU = Debug|Any CPU
		Release|Any CPU = Release|Any CPU
	EndGlobalSection
	GlobalSection(SolutionProperties) = preSolution
		HideSolutionNode = FALSE
	EndGlobalSection
	GlobalSection(ProjectConfigurationPlatforms) = postSolution
		{15E5FE99-071B-4A3F-8E99-B1F4C29E5620}.Debug|Any CPU.ActiveCfg = Debug|Any CPU
		{15E5FE99-071B-4A3F-8E99-B1F4C29E5620}.Debug|Any CPU.Build.0 = Debug|Any CPU
		{15E5FE99-071B-4A3F-8E99-B1F4C29E5620}.Release|Any CPU.ActiveCfg = Release|Any CPU
		{15E5FE99-071B-4A3F-8E99-B1F4C29E5620}.Release|Any CPU.Build.0 = Release|Any CPU
	EndGlobalSection
	GlobalSection(NestedProjects) = preSolution
		{15E5FE99-071B-4A3F-8E99-B1F4C29E5620} = {8D0AA767-F44E-44EF-987B-376B83CBCA48}
	EndGlobalSection
EndGlobal
